
Microsoft Visual Studio Solution File, Format Version 12.00
# Visual Studio 2012
Project("{8BC9CEB8-8B4A-11D0-8D11-00A0C91BC942}") = "Fragments", "Fragments\Fragments.vcxproj", "{30CB26DA-E4EC-4911-88D3-FD5D2BAC4C19}"
EndProject
Project("{8BC9CEB8-8B4A-11D0-8D11-00A0C91BC942}") = "Line", "Line\Line.vcxproj", "{87F2466E-6812-43C7-85FD-A03159CB7EDC}"
EndProject
Global
	GlobalSection(SolutionConfigurationPlatforms) = preSolution
		Debug|Win32 = Debug|Win32
		Release|Win32 = Release|Win32
	EndGlobalSection
	GlobalSection(ProjectConfigurationPlatforms) = postSolution
		{30CB26DA-E4EC-4911-88D3-FD5D2BAC4C19}.Debug|Win32.ActiveCfg = Debug|Win32
		{30CB26DA-E4EC-4911-88D3-FD5D2BAC4C19}.Debug|Win32.Build.0 = Debug|Win32
		{30CB26DA-E4EC-4911-88D3-FD5D2BAC4C19}.Release|Win32.ActiveCfg = Release|Win32
		{30CB26DA-E4EC-4911-88D3-FD5D2BAC4C19}.Release|Win32.Build.0 = Release|Win32
		{87F2466E-6812-43C7-85FD-A03159CB7EDC}.Debug|Win32.ActiveCfg = Debug|Win32
		{87F2466E-6812-43C7-85FD-A03159CB7EDC}.Debug|Win32.Build.0 = Debug|Win32
		{87F2466E-6812-43C7-85FD-A03159CB7EDC}.Release|Win32.ActiveCfg = Release|Win32
		{87F2466E-6812-43C7-85FD-A03159CB7EDC}.Release|Win32.Build.0 = Release|Win32
	EndGlobalSection
	GlobalSection(SolutionProperties) = preSolution
		HideSolutionNode = FALSE
	EndGlobalSection
EndGlobal
